
Microsoft Visual Studio Solution File, Format Version 12.00
# Visual Studio Version 17
VisualStudioVersion = 17.9.34723.18
MinimumVisualStudioVersion = 10.0.40219.1
Project("{FAE04EC0-301F-11D3-BF4B-00C04F79EFBC}") = "MvcCorePersonajesSeriesAzure", "MvcCorePersonajesSeriesAzure\MvcCorePersonajesSeriesAzure.csproj", "{8B0337F0-1998-4719-BF98-6F39676EBA38}"
EndProject
Global
	GlobalSection(SolutionConfigurationPlatforms) = preSolution
		Debug|Any CPU = Debug|Any CPU
		Release|Any CPU = Release|Any CPU
	EndGlobalSection
	GlobalSection(ProjectConfigurationPlatforms) = postSolution
		{8B0337F0-1998-4719-BF98-6F39676EBA38}.Debug|Any CPU.ActiveCfg = Debug|Any CPU
		{8B0337F0-1998-4719-BF98-6F39676EBA38}.Debug|Any CPU.Build.0 = Debug|Any CPU
		{8B0337F0-1998-4719-BF98-6F39676EBA38}.Release|Any CPU.ActiveCfg = Release|Any CPU
		{8B0337F0-1998-4719-BF98-6F39676EBA38}.Release|Any CPU.Build.0 = Release|Any CPU
	EndGlobalSection
	GlobalSection(SolutionProperties) = preSolution
		HideSolutionNode = FALSE
	EndGlobalSection
	GlobalSection(ExtensibilityGlobals) = postSolution
		SolutionGuid = {1264D128-1FB3-4023-9627-E0BE44B173B7}
	EndGlobalSection
EndGlobal
